{
  "nodes": {
    "jolt": {
      "inputs": {
        "makes": "makes",
        "nixpkgs": "nixpkgs"
      },
      "locked": {
        "lastModified": 1790346006,
        "narHash": "sha256-MGnDy9/7W1X7RKpSgu+u+m5ZoVV1fyL9XCvTFlCzseE=",
        "ref": "refs/heads/main",
        "rev": "a6e881b1427548cff998fcc6480cded4ea95e75b",
        "revCount": 3717,
        "submodules": true,
        "type": "git",
        "url": "https://github.com/jolt-lang/jolt.git"
      },
      "original": {
        "submodules": true,
        "type": "git",
        "url": "https://github.com/jolt-lang/jolt.git"
      }
    },
    "makes": {
      "flake": false,
      "locked": {
        "lastModified": 1785480273,
        "narHash": "sha256-/g8O4PW0v3NNChKyrWw/EqpEAUCKiI9/KFE2EiXoUlA=",
        "owner": "makeplus",
        "repo": "makes",
        "rev": "d14cb578c2f04e6f9d00e01c7c4e416a9baf94e9",
        "type": "github"
      },
      "original": {
        "owner": "makeplus",
        "repo": "makes",
        "rev": "d14cb578c2f04e6f9d00e01c7c4e416a9baf94e9",
        "type": "github"
      }
    },
    "nixpkgs": {
      "locked": {
        "lastModified": 1787135253,
        "narHash": "sha256-RD2kNWCG+Bjo6h+JVjWVNntZs2GtRoeY2xHjts/FNkA=",
        "owner": "NixOS",
        "repo": "nixpkgs",
        "rev": "ffb3c9b700e759be2ef13237c9d8f953b32a1e46",
        "type": "github"
      },
      "original": {
        "owner": "NixOS",
        "ref": "nixos-unstable",
        "repo": "nixpkgs",
        "type": "github"
      }
    },
    "nixpkgs_2": {
      "locked": {
        "lastModified": 1790390834,
        "narHash": "sha256-StRyS/lFHtIw/UgJk+xo+HA66mtoWeDUbkJdvf2Byn4=",
        "owner": "NixOS",
        "repo": "nixpkgs",
        "rev": "d54020a6ac3211e9f4201631bdf67678818c0cdf",
        "type": "github"
      },
      "original": {
        "owner": "NixOS",
        "ref": "nixpkgs-unstable",
        "repo": "nixpkgs",
        "type": "github"
      }
    },
    "root": {
      "inputs": {
        "jolt": "jolt",
        "nixpkgs": "nixpkgs_2"
      }
    }
  },
  "root": "root",
  "version": 7
}
